<Solution>
  <Folder Name="/Solution Items/">
    <File Path="readme.md" />
  </Folder>
  <Project Path="01_mainsubjects/01_mainsubjects.csproj" Id="855fa0f4-e50a-4d98-b0a6-3de9b66a0d60" />
  <Project Path="02_variables/02_variables.csproj" Id="2dd65f7b-e133-4d2f-83de-789e2c2f91ac" />
  <Project Path="03_Karar yapıları/03_Karar yapıları.csproj" Id="aa480804-f5c1-4100-86a5-f5c704fdc098" />
  <Project Path="04_Loops/04_Loops.csproj" Id="287f8ca3-8fd1-42e7-847b-ef442c775d0d" />
  <Project Path="05_LoopsWithStars/05_LoopsWithStars.csproj" Id="6a3d983f-6220-4306-9a09-094017870506" />
  <Project Path="06_Arrays/06_Arrays.csproj" Id="ee120fe9-39e5-4b93-8157-2d2dabe5e390" />
  <Project Path="07_ForeachLoops/07_ForeachLoops.csproj" Id="b43ce303-274c-49ec-95df-9ad4f806c719" />
  <Project Path="08_Methods/08_Methods.csproj" Id="3717b05b-0658-4697-a810-2e98af3d1485" />
  <Project Path="aleyna/aleyna.csproj" Id="74d4656c-0bd5-47f6-a466-03768d2a1de4" />
</Solution>
